
Microsoft Visual Studio Solution File, Format Version 12.00
# Visual Studio Version 17
VisualStudioVersion = 17.11.35303.130
MinimumVisualStudioVersion = 10.0.40219.1
Project("{FAE04EC0-301F-11D3-BF4B-00C04F79EFBC}") = "GunlukKosuMesafesiOlcer_PakizeMisraKirik", "GunlukKosuMesafesiOlcer_PakizeMisraKirik.csproj", "{FA9B198B-0CDA-4760-BB5C-037D09651133}"
EndProject
Global
	GlobalSection(SolutionConfigurationPlatforms) = preSolution
		Debug|Any CPU = Debug|Any CPU
		Release|Any CPU = Release|Any CPU
	EndGlobalSection
	GlobalSection(ProjectConfigurationPlatforms) = postSolution
		{FA9B198B-0CDA-4760-BB5C-037D09651133}.Debug|Any CPU.ActiveCfg = Debug|Any CPU
		{FA9B198B-0CDA-4760-BB5C-037D09651133}.Debug|Any CPU.Build.0 = Debug|Any CPU
		{FA9B198B-0CDA-4760-BB5C-037D09651133}.Release|Any CPU.ActiveCfg = Release|Any CPU
		{FA9B198B-0CDA-4760-BB5C-037D09651133}.Release|Any CPU.Build.0 = Release|Any CPU
	EndGlobalSection
	GlobalSection(SolutionProperties) = preSolution
		HideSolutionNode = FALSE
	EndGlobalSection
	GlobalSection(ExtensibilityGlobals) = postSolution
		SolutionGuid = {FAEAD449-645F-49B3-8C15-074D988168E6}
	EndGlobalSection
EndGlobal
